# generated by rye
# use `rye lock` or `rye sync` to update this lockfile
#
# last locked with the following flags:
#   pre: false
#   features: []
#   all-features: false
#   with-sources: false
#   generate-hashes: false
#   universal: false

-e file:.
cffi==1.17.1
    # via cryptography
charset-normalizer==3.3.2
    # via pdfminer-six
cryptography==43.0.1
    # via pdfminer-six
lxml==5.3.0
    # via python-docx
pdfminer-six==20231228
    # via pdfplumber
pdfplumber==0.11.4
    # via yoni-patent-project
pillow==10.4.0
    # via pdfplumber
pycparser==2.22
    # via cffi
pypdf2==3.0.1
    # via yoni-patent-project
pypdfium2==4.30.0
    # via pdfplumber
python-docx==1.1.2
    # via yoni-patent-project
typing-extensions==4.12.2
    # via python-docx
