# generated by rye
# use `rye lock` or `rye sync` to update this lockfile
#
# last locked with the following flags:
#   pre: false
#   features: []
#   all-features: false
#   with-sources: false
#   generate-hashes: false
#   universal: false

-e file:.
altgraph==0.17.4
    # via macholib
    # via pyinstaller
annotated-types==0.7.0
    # via pydantic
anyio==4.6.0
    # via httpx
    # via openai
certifi==2024.8.30
    # via httpcore
    # via httpx
    # via requests
cffi==1.17.1
    # via cryptography
charset-normalizer==3.3.2
    # via pdfminer-six
    # via requests
ci-info==0.3.0
    # via etelemetry
click==8.1.7
    # via nipype
configobj==5.0.9
    # via fitz
configparser==7.1.0
    # via fitz
cryptography==43.0.1
    # via pdfminer-six
cx-freeze==7.2.3
    # via yoni-patent-project
deprecated==1.2.14
    # via pikepdf
deprecation==2.1.0
    # via ocrmypdf
distro==1.9.0
    # via openai
dmgbuild==1.6.2
    # via cx-freeze
ds-store==1.3.1
    # via dmgbuild
easyocr==1.7.2
    # via yoni-patent-project
etelemetry==0.3.1
    # via nipype
filelock==3.16.1
    # via nipype
    # via torch
fire==0.7.0
    # via pdf2docx
fitz==0.0.1.dev2
    # via yoni-patent-project
fonttools==4.54.1
    # via pdf2docx
fsspec==2024.9.0
    # via torch
h11==0.14.0
    # via httpcore
httpcore==1.0.6
    # via httpx
httplib2==0.22.0
    # via fitz
httpx==0.27.2
    # via openai
idna==3.10
    # via anyio
    # via httpx
    # via requests
imageio==2.35.1
    # via scikit-image
img2pdf==0.5.1
    # via ocrmypdf
isodate==0.6.1
    # via rdflib
jinja2==3.1.4
    # via torch
jiter==0.5.0
    # via openai
lazy-loader==0.4
    # via scikit-image
looseversion==1.3.0
    # via nipype
lxml==5.3.0
    # via pikepdf
    # via prov
    # via python-docx
    # via pyxnat
mac-alias==2.2.2
    # via dmgbuild
    # via ds-store
macholib==1.16.3
    # via pyinstaller
markdown-it-py==3.0.0
    # via rich
markupsafe==2.1.5
    # via jinja2
mdurl==0.1.2
    # via markdown-it-py
mpmath==1.3.0
    # via sympy
networkx==3.3
    # via nipype
    # via prov
    # via scikit-image
    # via torch
nibabel==5.2.1
    # via fitz
    # via nipype
ninja==1.11.1.1
    # via easyocr
nipype==1.8.6
    # via fitz
numpy==2.1.1
    # via easyocr
    # via fitz
    # via imageio
    # via nibabel
    # via nipype
    # via opencv-python-headless
    # via pandas
    # via pdf2docx
    # via scikit-image
    # via scipy
    # via shapely
    # via tifffile
    # via torchvision
ocrmypdf==16.5.0
    # via yoni-patent-project
openai==1.51.0
    # via yoni-patent-project
opencv-python-headless==4.10.0.84
    # via easyocr
    # via pdf2docx
packaging==24.1
    # via cx-freeze
    # via deprecation
    # via etelemetry
    # via lazy-loader
    # via nibabel
    # via nipype
    # via ocrmypdf
    # via pikepdf
    # via pyinstaller
    # via pyinstaller-hooks-contrib
    # via pytesseract
    # via scikit-image
pandas==2.2.3
    # via fitz
pandoc==2.4
    # via yoni-patent-project
# pathlib==1.0.1 (excluded)
    # via pyxnat
pdf2docx==0.5.8
    # via yoni-patent-project
pdfminer-six==20231228
    # via ocrmypdf
    # via pdfplumber
pdfplumber==0.11.4
    # via yoni-patent-project
pi-heif==0.18.0
    # via ocrmypdf
pikepdf==9.3.0
    # via img2pdf
    # via ocrmypdf
pillow==10.4.0
    # via easyocr
    # via imageio
    # via img2pdf
    # via ocrmypdf
    # via pdfplumber
    # via pi-heif
    # via pikepdf
    # via pytesseract
    # via scikit-image
    # via torchvision
    # via yoni-patent-project
pluggy==1.5.0
    # via ocrmypdf
plumbum==1.9.0
    # via pandoc
ply==3.11
    # via pandoc
prov==2.0.1
    # via nipype
pyclipper==1.3.0.post5
    # via easyocr
pycparser==2.22
    # via cffi
pydantic==2.9.2
    # via openai
pydantic-core==2.23.4
    # via pydantic
pydot==3.0.2
    # via nipype
pygments==2.18.0
    # via rich
pyinstaller==6.10.0
    # via yoni-patent-project
pyinstaller-hooks-contrib==2024.8
    # via pyinstaller
pymupdf==1.24.11
    # via pdf2docx
    # via yoni-patent-project
pypandoc==1.13
    # via yoni-patent-project
pyparsing==3.1.4
    # via httplib2
    # via pydot
    # via rdflib
pypdf==5.0.1
    # via yoni-patent-project
pypdf2==3.0.1
    # via yoni-patent-project
pypdfium2==4.30.0
    # via pdfplumber
pytesseract==0.3.13
    # via yoni-patent-project
python-bidi==0.6.0
    # via easyocr
python-dateutil==2.9.0.post0
    # via nipype
    # via pandas
    # via prov
python-docx==1.1.2
    # via pdf2docx
    # via yoni-patent-project
python-dotenv==1.0.1
    # via yoni-patent-project
pytz==2024.2
    # via pandas
pyxnat==1.6.2
    # via fitz
pyyaml==6.0.2
    # via easyocr
rdflib==6.3.2
    # via nipype
    # via prov
requests==2.32.3
    # via etelemetry
    # via pyxnat
rich==13.9.2
    # via ocrmypdf
scikit-image==0.24.0
    # via easyocr
scipy==1.14.1
    # via easyocr
    # via fitz
    # via nipype
    # via scikit-image
setuptools==75.1.0
    # via cx-freeze
    # via pyinstaller
    # via pyinstaller-hooks-contrib
    # via torch
shapely==2.0.6
    # via easyocr
simplejson==3.19.3
    # via nipype
six==1.16.0
    # via isodate
    # via python-dateutil
sniffio==1.3.1
    # via anyio
    # via httpx
    # via openai
sympy==1.13.3
    # via torch
termcolor==2.4.0
    # via fire
tesseract==0.1.3
    # via yoni-patent-project
tifffile==2024.9.20
    # via scikit-image
torch==2.4.1
    # via easyocr
    # via torchvision
torchvision==0.19.1
    # via easyocr
tqdm==4.66.5
    # via openai
traits==6.3.2
    # via nipype
typing-extensions==4.12.2
    # via openai
    # via pydantic
    # via pydantic-core
    # via python-docx
    # via torch
tzdata==2024.2
    # via pandas
urllib3==2.2.3
    # via requests
wrapt==1.16.0
    # via deprecated
